['/home/seth1002/project/tracecorn_tina/unitracer/lib/windows/dll']
crypt32.dll is loaded @ 0x70000000
kernel32.dll is loaded @ 0x70094000
uxtheme.dll is loaded @ 0x70168000
wtsapi32.dll is loaded @ 0x701a8000
advapi32.dll is loaded @ 0x701b0000
cryptdll.dll is loaded @ 0x7024b000
clbcatq.dll is loaded @ 0x7025c000
* dbnmpntw.dll does not exist
ntdll.dll is loaded @ 0x702df000
stack: 0x5ff00000-0x60000000
# Load Library:"NCOBJAPI.DLL")
NCOBJAPI.DLL is loaded @ 0x7041b000
LoadLibraryExA (lpLibFileName=00402218 -> "NCOBJAPI.DLL") = 7041b000 => 0x004011ff
# Load Library:"KERNEL32.DLL")
LoadLibraryA (lpFileName="KERNEL32.DLL") = 70094000 => 0x0040121a
Unhooked function: MoveFileW (0x00402279, 0x00402288)
Unhooked function: MoveFileW (0x00402279, 0x00402288)
Unhooked function: MoveFileW (0x00402279, 0x00402288)
VirtualAlloc (lpAddress=0x00000000, dwSize=0x000008d0, flAllocationType=0x00001000, flProtect=0x00000040) = 0x00d50628 => 0x00401347
# Load Library:"KERNEL32.DLL")
LoadLibraryA (lpFileName="KERNEL32.DLL") = 70094000 => 0x00d50636
GetProcAddress (hModule=0x70094000, lpProcName=0x00d50d8a:"HeapAlloc") = 0x00000000 => 0x00d50667
GetProcAddress (hModule=0x70094000, lpProcName=0x00d50d94:"HeapFree") = 0x700dfbd0 => 0x00d50671
GetProcAddress (hModule=0x70094000, lpProcName=0x00d50d9d:"GetTickCount") = 0x700dfa60 => 0x00d5067c
VirtualAlloc (lpAddress=0x00000000, dwSize=0x000008d0, flAllocationType=0x00001000, flProtect=0x00000040) = 0x00d50ef8 => 0x00d50690
VirtualAlloc (lpAddress=0x00000000, dwSize=0x00010000, flAllocationType=0x00001000, flProtect=0x00000004) = 0x00d517c8 => 0x00d514d8
VirtualProtect (lpAddress=00400000, dwSize=00000400, flNewProtect=00000004, lpflOldProtect=5ffffef8)
VirtualProtect (lpAddress=00400000, dwSize=00000400, flNewProtect=00000002, lpflOldProtect=5ffffef8)
VirtualProtect (lpAddress=00401000, dwSize=0000e000, flNewProtect=00000004, lpflOldProtect=5ffffed8)
VirtualProtect (lpAddress=00401000, dwSize=0000e000, flNewProtect=00000020, lpflOldProtect=5ffffed8)
VirtualProtect (lpAddress=0040f000, dwSize=00001000, flNewProtect=00000004, lpflOldProtect=5ffffed8)
VirtualProtect (lpAddress=0040f000, dwSize=00001000, flNewProtect=00000002, lpflOldProtect=5ffffed8)
VirtualProtect (lpAddress=00410000, dwSize=00005000, flNewProtect=00000004, lpflOldProtect=5ffffed8)
VirtualProtect (lpAddress=00410000, dwSize=00005000, flNewProtect=00000004, lpflOldProtect=5ffffed8)
VirtualProtect (lpAddress=00415000, dwSize=00001000, flNewProtect=00000004, lpflOldProtect=5ffffed8)
VirtualProtect (lpAddress=00415000, dwSize=00001000, flNewProtect=00000002, lpflOldProtect=5ffffed8)
VirtualProtect (lpAddress=00416000, dwSize=00001000, flNewProtect=00000004, lpflOldProtect=5ffffed8)
VirtualProtect (lpAddress=00416000, dwSize=00001000, flNewProtect=00000002, lpflOldProtect=5ffffed8)
GetModuleHandleA(lpModuleName=0x0040fb20:"KERNEL32.dll") = 0x70094000
VirtualProtect (lpAddress=0040f000, dwSize=00000008, flNewProtect=00000004, lpflOldProtect=5ffffecc)
GetProcAddress (hModule=0x70094000, lpProcName=0x0040fb06:"IsProcessorFeaturePresent") = 0x700eb6b5 => 0x00d51138
VirtualProtect (lpAddress=0040f000, dwSize=00000008, flNewProtect=00000000, lpflOldProtect=5ffffed4)
Unhooked function: VirtualFree (0x00d517c8, 0x00010000, 0x00004000)
GetModuleHandleA(lpModuleName=0x00000000:"") = 0x00400000
Unhooked function: GetModuleFileNameW (0x00000000, 0x5ffffbd4, 0x00000104)
Unhooked function: GetProcessHeap ()
RtlAllocateHeap(00000000, 00000008, 00000010) = 0x00d617c8 => 0x00401502
unregistered function: _snwprintf
Unhooked function: GetProcessHeap ()
Unhooked function: HeapFree (0x00000000, 0x00000000, 0x00d617c8)
Unhooked function: GetCommandLineW ()
Unhooked function: lstrlenW (0x00000000)
Unhooked function: lstrlenW (0x5ffffddc)
Unhooked function: lstrcmpiW (0x00000000, 0x5ffffddc)
GetTickCount() = 6261630 => 0x0040ad33
Unhooked function: GetWindowsDirectoryW (0x5ffff9a8, 0x00000104)
Unhooked function: GetProcessHeap ()
RtlAllocateHeap(00000000, 00000008, 00000018) = 0x00d617d8 => 0x00401502
unregistered function: _snwprintf
Unhooked function: GetProcessHeap ()
Unhooked function: HeapFree (0x00000000, 0x00000000, 0x00d617d8)
Unhooked function: CreateMutexW (0x00000000, 0x00000000, 0x5ffffb28)
ExitProcess (0)
memset(0x5ffffb64, 0x00000000, 0x00000044) => 0x0040151a
ERROR: Invalid memory fetch (UC_ERR_FETCH_UNMAPPED)
-----------------------------------------------------
 eax: 0x5fffffe4  ebx: 0x00000104  ecx: 0x5ffffb64  edx: 0x00000044 
 edi: 0x5ffffbd4  esi: 0x5ffffddc  esp: 0x5ffffb60  ebp: 0x00401cd9 
 eip: 0x00000002 
-----------------------------------------------------
2019-09-18 07:10:22.045090
2019-09-18 07:12:29.356408
emulation time: (127) sec
dump main process at: ./dump/pe.dump
dump all heaps at: ./dump/heap

-----------------------------
extract ioc from:./dump/pe.dump

c2 list:
187.155.233.46:443
83.29.180.97:8080
181.36.42.205:443
200.21.90.6:8080
123.168.4.66:22
151.80.142.33:80
159.65.241.220:8080
109.104.79.48:8080
43.229.62.186:8080
72.47.248.48:8080
190.1.37.125:443
46.29.183.211:8080
91.205.215.57:7080
178.79.163.131:8080
187.188.166.192:80
190.230.60.129:80
181.188.149.134:80
125.99.61.162:7080
77.245.101.134:8080
138.68.106.4:7080
187.242.204.142:80
190.19.42.131:80
213.120.104.180:50000
149.62.173.247:8080
181.48.174.242:80
80.85.87.122:8080
183.82.97.25:80
185.86.148.222:8080
90.69.208.50:7080
91.83.93.124:7080
183.87.87.73:80
62.210.142.58:8080
186.83.133.253:8080
109.169.86.13:8080
179.62.18.56:443
81.169.140.14:443
187.144.227.2:7080
69.163.33.82:8080
88.250.223.190:8080
190.230.60.129:80
37.59.1.74:8080
203.25.159.3:8080
79.143.182.254:8080
200.57.102.71:8443
217.199.175.216:8080
201.219.183.243:443
196.6.112.70:443
200.58.171.51:80
5.77.13.70:80
217.113.27.158:443
46.249.204.99:8080
159.203.204.126:8080
170.247.122.37:8080
200.80.198.34:80
62.75.143.100:7080
89.188.124.145:443
143.0.245.169:8080
190.117.206.153:443
77.122.183.203:8080
46.21.105.59:8080
181.39.134.122:80
86.42.166.147:80
23.92.22.225:7080

rsa key:
30 68 02 61 00 ec e8 4e bc b0 d6 bf 51 c5 12 4f 14 a6 a5 3b 8f aa ec 96 83 65 64 81 29 99 44 73 6d 87 e8 84 ee 13 4e ad bc 9b 29 b9 ee 36 4c 5d 72 93 cc 4d fb 56 ea 5b ef 90 79 5e 82 96 6d 6e 46 cc 00 fe aa 1a a3 fe a9 e1 e3 74 87 8c c8 3b c3 c4 68 9d 02 ff d1 0e e1 cc 7d c9 f4 4b 95 5a 63 74 49 0f d1 02 03 01 00 01 
